
Microsoft Visual Studio Solution File, Format Version 12.00
# Visual Studio Version 17
VisualStudioVersion = 17.3.32901.215
MinimumVisualStudioVersion = 10.0.40219.1
Project("{FAE04EC0-301F-11D3-BF4B-00C04F79EFBC}") = "TheMovingCompanyAPI", "TheMovingCompanyAPI\TheMovingCompanyAPI.csproj", "{F1457CDB-CDD7-48CB-A66B-FC68343F73C3}"
EndProject
Global
	GlobalSection(SolutionConfigurationPlatforms) = preSolution
		Debug|Any CPU = Debug|Any CPU
		Release|Any CPU = Release|Any CPU
	EndGlobalSection
	GlobalSection(ProjectConfigurationPlatforms) = postSolution
		{F1457CDB-CDD7-48CB-A66B-FC68343F73C3}.Debug|Any CPU.ActiveCfg = Debug|Any CPU
		{F1457CDB-CDD7-48CB-A66B-FC68343F73C3}.Debug|Any CPU.Build.0 = Debug|Any CPU
		{F1457CDB-CDD7-48CB-A66B-FC68343F73C3}.Release|Any CPU.ActiveCfg = Release|Any CPU
		{F1457CDB-CDD7-48CB-A66B-FC68343F73C3}.Release|Any CPU.Build.0 = Release|Any CPU
	EndGlobalSection
	GlobalSection(SolutionProperties) = preSolution
		HideSolutionNode = FALSE
	EndGlobalSection
	GlobalSection(ExtensibilityGlobals) = postSolution
		SolutionGuid = {B498C009-E15E-4836-AE48-05AE899572F8}
	EndGlobalSection
EndGlobal
